# This file is automatically @generated by Cargo.
# It is not intended for manual editing.
version = 3

[[package]]
name = "HelloWorldRustDxe"
version = "0.1.0"
dependencies = [
 "RustAdvancedLoggerDxe",
 "RustBootServicesAllocatorDxe",
 "r-efi",
]

[[package]]
name = "HidIo"
version = "0.1.0"
dependencies = [
 "r-efi",
]

[[package]]
name = "HiiKeyboardLayout"
version = "0.1.0"
dependencies = [
 "num-derive",
 "num-traits",
 "r-efi",
 "scroll",
]

[[package]]
name = "RustAdvancedLoggerDxe"
version = "0.1.0"
dependencies = [
 "r-efi",
]

[[package]]
name = "RustBootServicesAllocatorDxe"
version = "0.1.0"
dependencies = [
 "r-efi",
 "spin",
]

[[package]]
name = "UefiHidDxe"
version = "0.1.0"
dependencies = [
 "HidIo",
 "HiiKeyboardLayout",
 "RustAdvancedLoggerDxe",
 "RustBootServicesAllocatorDxe",
 "hidparser",
 "memoffset",
 "r-efi",
 "rustversion",
]

[[package]]
name = "autocfg"
version = "1.1.0"
source = "registry+https://github.com/rust-lang/crates.io-index"
checksum = "d468802bab17cbc0cc575e9b053f41e72aa36bfa6b7f55e3529ffa43161b97fa"

[[package]]
name = "hidparser"
version = "0.2.0"
source = "git+https://github.com/microsoft/mu_rust_hid.git?branch=main#23283fc00647cbf204fc72d5bc83a837cf58c42c"

[[package]]
name = "memoffset"
version = "0.9.1"
source = "registry+https://github.com/rust-lang/crates.io-index"
checksum = "488016bfae457b036d996092f6cb448677611ce4449e970ceaf42695203f218a"
dependencies = [
 "autocfg",
]

[[package]]
name = "num-derive"
version = "0.4.2"
source = "registry+https://github.com/rust-lang/crates.io-index"
checksum = "ed3955f1a9c7c0c15e092f9c887db08b1fc683305fdf6eb6684f22555355e202"
dependencies = [
 "proc-macro2",
 "quote",
 "syn",
]

[[package]]
name = "num-traits"
version = "0.2.19"
source = "registry+https://github.com/rust-lang/crates.io-index"
checksum = "071dfc062690e90b734c0b2273ce72ad0ffa95f0c74596bc250dcfd960262841"
dependencies = [
 "autocfg",
]

[[package]]
name = "proc-macro2"
version = "1.0.69"
source = "registry+https://github.com/rust-lang/crates.io-index"
checksum = "134c189feb4956b20f6f547d2cf727d4c0fe06722b20a0eec87ed445a97f92da"
dependencies = [
 "unicode-ident",
]

[[package]]
name = "quote"
version = "1.0.33"
source = "registry+https://github.com/rust-lang/crates.io-index"
checksum = "5267fca4496028628a95160fc423a33e8b2e6af8a5302579e322e4b520293cae"
dependencies = [
 "proc-macro2",
]

[[package]]
name = "r-efi"
version = "4.4.0"
source = "registry+https://github.com/rust-lang/crates.io-index"
checksum = "c47196f636c4cc0634b73b0405323d177753c2e15e866952c64ea22902567a34"

[[package]]
name = "rustversion"
version = "1.0.16"
source = "registry+https://github.com/rust-lang/crates.io-index"
checksum = "092474d1a01ea8278f69e6a358998405fae5b8b963ddaeb2b0b04a128bf1dfb0"

[[package]]
name = "scroll"
version = "0.11.0"
source = "registry+https://github.com/rust-lang/crates.io-index"
checksum = "04c565b551bafbef4157586fa379538366e4385d42082f255bfd96e4fe8519da"
dependencies = [
 "scroll_derive",
]

[[package]]
name = "scroll_derive"
version = "0.11.1"
source = "registry+https://github.com/rust-lang/crates.io-index"
checksum = "1db149f81d46d2deba7cd3c50772474707729550221e69588478ebf9ada425ae"
dependencies = [
 "proc-macro2",
 "quote",
 "syn",
]

[[package]]
name = "spin"
version = "0.5.2"
source = "registry+https://github.com/rust-lang/crates.io-index"
checksum = "6e63cff320ae2c57904679ba7cb63280a3dc4613885beafb148ee7bf9aa9042d"

[[package]]
name = "syn"
version = "2.0.39"
source = "registry+https://github.com/rust-lang/crates.io-index"
checksum = "23e78b90f2fcf45d3e842032ce32e3f2d1545ba6636271dcbf24fa306d87be7a"
dependencies = [
 "proc-macro2",
 "quote",
 "unicode-ident",
]

[[package]]
name = "unicode-ident"
version = "1.0.12"
source = "registry+https://github.com/rust-lang/crates.io-index"
checksum = "3354b9ac3fae1ff6755cb6db53683adb661634f67557942dea4facebec0fee4b"
