# This file is automatically @generated by Cargo.
# It is not intended for manual editing.
version = 3

[[package]]
name = "r-efi"
version = "4.0.0"
source = "registry+https://github.com/rust-lang/crates.io-index"
checksum = "6c4257a6ffb364d7f938c0311733a793327639b3d34c0b4af0b3bb775ef3e1b8"

[[package]]
name = "rust-demo"
version = "0.1.0"
dependencies = [
 "r-efi",
]
